PODS:
  - HandyJSON (5.0.0)
  - pop (1.0.10)
  - RxCocoa (5.0.0):
    - RxRelay (~> 5)
    - RxSwift (~> 5)
  - RxRelay (5.0.0):
    - RxSwift (~> 5)
  - RxSwift (5.0.0)
  - SnapKit (5.0.0)
  - Then (2.4.0)

DEPENDENCIES:
  - HandyJSON
  - pop
  - RxCocoa
  - RxSwift
  - SnapKit
  - Then

SPEC REPOS:
  https://github.com/CocoaPods/Specs.git:
    - HandyJSON
    - pop
    - RxCocoa
    - RxRelay
    - RxSwift
    - SnapKit
    - Then

SPEC CHECKSUMS:
  HandyJSON: 992f2d661716d6a91de82d0056927bc7813b5770
  pop: 82ca6b068ce9278fd350fd9dd09482a0ce9492e6
  RxCocoa: fcf32050ac00d801f34a7f71d5e8e7f23026dcd8
  RxRelay: 4f7409406a51a55cd88483f21ed898c234d60f18
  RxSwift: 8b0671caa829a763bbce7271095859121cbd895f
  SnapKit: fd22d10eb9aff484d79a8724eab922c1ddf89bcf
  Then: 71866660c7af35a7343831f7668e7cd2b62ee0f2

PODFILE CHECKSUM: b00fcd67f3deb7356849502dc84d2ad27e3357ff

COCOAPODS: 1.9.1
