PODS:
  - FSTextView (1.8)
  - HandyJSON (5.0.2)
  - Haptica (3.0.2)
  - JXPhotoBrowser (3.1.2)
  - Kingfisher (6.0.0)
  - MJRefresh (3.5.0)
  - PKHUD (5.3.0)
  - pop (1.0.12)
  - RxCocoa (6.0.0):
    - RxRelay (= 6.0.0)
    - RxSwift (= 6.0.0)
  - RxRelay (6.0.0):
    - RxSwift (= 6.0.0)
  - RxSwift (6.0.0)
  - SnapKit (5.0.1)
  - SwiftDate (6.3.1)
  - TagListView (1.4.1)
  - Then (2.7.0)

DEPENDENCIES:
  - FSTextView
  - HandyJSON
  - Haptica
  - JXPhotoBrowser
  - Kingfisher
  - MJRefresh
  - PKHUD
  - pop
  - RxCocoa
  - RxSwift
  - SnapKit
  - SwiftDate
  - TagListView
  - Then

SPEC REPOS:
  trunk:
    - FSTextView
    - HandyJSON
    - Haptica
    - JXPhotoBrowser
    - Kingfisher
    - MJRefresh
    - PKHUD
    - pop
    - RxCocoa
    - RxRelay
    - RxSwift
    - SnapKit
    - SwiftDate
    - TagListView
    - Then

SPEC CHECKSUMS:
  FSTextView: 9e2ca07bb6bb0fb7e77b49b2717adf81f3c620b5
  HandyJSON: 9e4e236f5d2dbefad5155a77417bbea438201c03
  Haptica: dc206651beeca25ab4744c633fbf0ae4d1e86baf
  JXPhotoBrowser: 7f0bc11f02fbc84ae06829f922f32ce822aa9661
  Kingfisher: 13f6e68c928eb50439b5cb2ea75d6035018438ea
  MJRefresh: 6afc955813966afb08305477dd7a0d9ad5e79a16
  PKHUD: 98f3e4bc904b9c916f1c5bb6d765365b5357291b
  pop: d582054913807fd11fd50bfe6a539d91c7e1a55a
  RxCocoa: 3f79328fafa3645b34600f37c31e64c73ae3a80e
  RxRelay: 8d593be109c06ea850df027351beba614b012ffb
  RxSwift: c14e798c59b9f6e9a2df8fd235602e85cc044295
  SnapKit: 97b92857e3df3a0c71833cce143274bf6ef8e5eb
  SwiftDate: 72d28954e8e1c6c1c0f917ccc8005e4f83c7d4b2
  TagListView: a1c236d17960a0cf64156725a76ce6d73ebce2be
  Then: acfe0be7e98221c6204e12f8161459606d5d822d

PODFILE CHECKSUM: 1fd030d9f4297a327bc3b17c5c1be1ae32190d8c

COCOAPODS: 1.10.0
