// !$*UTF8*$!
{
	archiveVersion = 1;
	classes = {
	};
	objectVersion = 51;
	objects = {

/* Begin PBXBuildFile section */
		120EF04D2121825F004EFF6D /* Support.bundle in Resources */ = {isa = PBXBuildFile; fileRef = 120EF04C2121825F004EFF6D /* Support.bundle */; };
		125F435F211C1F2E00607C9E /* SLColorExtension.swift in Sources */ = {isa = PBXBuildFile; fileRef = 125F435E211C1F2E00607C9E /* SLColorExtension.swift */; };
		125F4361211C1FF600607C9E /* SLUserDefaultsExtension.swift in Sources */ = {isa = PBXBuildFile; fileRef = 125F4360211C1FF600607C9E /* SLUserDefaultsExtension.swift */; };
		125F4363211C201900607C9E /* SLDictionaryExtension.swift in Sources */ = {isa = PBXBuildFile; fileRef = 125F4362211C201900607C9E /* SLDictionaryExtension.swift */; };
		125F4366211C20F200607C9E /* SLConstant.swift in Sources */ = {isa = PBXBuildFile; fileRef = 125F4365211C20F200607C9E /* SLConstant.swift */; };
		125F4368211C21AD00607C9E /* SLCGFloatExtension.swift in Sources */ = {isa = PBXBuildFile; fileRef = 125F4367211C21AD00607C9E /* SLCGFloatExtension.swift */; };
		125F436A211C25AD00607C9E /* SLUITextViewExtension.swift in Sources */ = {isa = PBXBuildFile; fileRef = 125F4369211C25AD00607C9E /* SLUITextViewExtension.swift */; };
		125F436C211C292200607C9E /* SLTools.swift in Sources */ = {isa = PBXBuildFile; fileRef = 125F436B211C292200607C9E /* SLTools.swift */; };
		125F4370211C307900607C9E /* SLFileManager.swift in Sources */ = {isa = PBXBuildFile; fileRef = 125F436F211C307900607C9E /* SLFileManager.swift */; };
		125F4372211C312A00607C9E /* SLAlertView.swift in Sources */ = {isa = PBXBuildFile; fileRef = 125F4371211C312A00607C9E /* SLAlertView.swift */; };
		12C95736211C1AEB00CE9434 /* AppDelegate.swift in Sources */ = {isa = PBXBuildFile; fileRef = 12C95735211C1AEB00CE9434 /* AppDelegate.swift */; };
		12C95738211C1AEB00CE9434 /* ViewController.swift in Sources */ = {isa = PBXBuildFile; fileRef = 12C95737211C1AEB00CE9434 /* ViewController.swift */; };
		12C9573B211C1AEB00CE9434 /* Main.storyboard in Resources */ = {isa = PBXBuildFile; fileRef = 12C95739211C1AEB00CE9434 /* Main.storyboard */; };
		12C9573D211C1AEC00CE9434 /* Assets.xcassets in Resources */ = {isa = PBXBuildFile; fileRef = 12C9573C211C1AEC00CE9434 /* Assets.xcassets */; };
		12C95740211C1AEC00CE9434 /* LaunchScreen.storyboard in Resources */ = {isa = PBXBuildFile; fileRef = 12C9573E211C1AEC00CE9434 /* LaunchScreen.storyboard */; };
		12C9574C211C1B7C00CE9434 /* SLOperatorCustom.swift in Sources */ = {isa = PBXBuildFile; fileRef = 12C9574B211C1B7C00CE9434 /* SLOperatorCustom.swift */; };
		12C9574E211C1C4000CE9434 /* SLUIViewExtension.swift in Sources */ = {isa = PBXBuildFile; fileRef = 12C9574D211C1C4000CE9434 /* SLUIViewExtension.swift */; };
		12C95750211C1C5900CE9434 /* SLUITextFieldExtension.swift in Sources */ = {isa = PBXBuildFile; fileRef = 12C9574F211C1C5900CE9434 /* SLUITextFieldExtension.swift */; };
		12C95754211C1C7C00CE9434 /* SLUIButtonExtension.swift in Sources */ = {isa = PBXBuildFile; fileRef = 12C95753211C1C7C00CE9434 /* SLUIButtonExtension.swift */; };
		12C95756211C1C8A00CE9434 /* UILabelExtension.swift in Sources */ = {isa = PBXBuildFile; fileRef = 12C95755211C1C8A00CE9434 /* UILabelExtension.swift */; };
		12C95758211C1C9800CE9434 /* SLStringExtension.swift in Sources */ = {isa = PBXBuildFile; fileRef = 12C95757211C1C9800CE9434 /* SLStringExtension.swift */; };
		12C9575A211C1D9600CE9434 /* SLBundleExtension.swift in Sources */ = {isa = PBXBuildFile; fileRef = 12C95759211C1D9600CE9434 /* SLBundleExtension.swift */; };
		12C9575C211C1DBE00CE9434 /* SLIntExtension.swift in Sources */ = {isa = PBXBuildFile; fileRef = 12C9575B211C1DBE00CE9434 /* SLIntExtension.swift */; };
		12C9575E211C1DC900CE9434 /* SLDoubleExtension.swift in Sources */ = {isa = PBXBuildFile; fileRef = 12C9575D211C1DC900CE9434 /* SLDoubleExtension.swift */; };
		12C95760211C1E9800CE9434 /* SLDateExtension.swift in Sources */ = {isa = PBXBuildFile; fileRef = 12C9575F211C1E9800CE9434 /* SLDateExtension.swift */; };
		184612EF22DC5066002E9922 /* SLUIImageExtension.swift in Sources */ = {isa = PBXBuildFile; fileRef = 184612EE22DC5066002E9922 /* SLUIImageExtension.swift */; };
		C35E7CB0746C42582D272A50 /* Pods_SLSupportLibrary.framework in Frameworks */ = {isa = PBXBuildFile; fileRef = 04657857CBEDD32BD058127B /* Pods_SLSupportLibrary.framework */; };
		D20AE765255FDAA2000A8635 /* StringInterpolation.swift in Sources */ = {isa = PBXBuildFile; fileRef = D20AE764255FDAA2000A8635 /* StringInterpolation.swift */; };
		D21AC9A724E11A3F00DF4F2F /* Ex_ScrollView.swift in Sources */ = {isa = PBXBuildFile; fileRef = D21AC9A624E11A3F00DF4F2F /* Ex_ScrollView.swift */; };
		D21AC9A924E11B7D00DF4F2F /* Ex_Navi.swift in Sources */ = {isa = PBXBuildFile; fileRef = D21AC9A824E11B7D00DF4F2F /* Ex_Navi.swift */; };
		D21AC9AB24E11BB800DF4F2F /* Ex_HUD.swift in Sources */ = {isa = PBXBuildFile; fileRef = D21AC9AA24E11BB800DF4F2F /* Ex_HUD.swift */; };
		D21AC9AD24E11D7900DF4F2F /* Ex_Rx.swift in Sources */ = {isa = PBXBuildFile; fileRef = D21AC9AC24E11D7900DF4F2F /* Ex_Rx.swift */; };
		D2E669B425494C74005EDD5D /* SLImageBrower.swift in Sources */ = {isa = PBXBuildFile; fileRef = D2E669B325494C74005EDD5D /* SLImageBrower.swift */; };
/* End PBXBuildFile section */

/* Begin PBXFileReference section */
		04657857CBEDD32BD058127B /* Pods_SLSupportLibrary.framework */ = {isa = PBXFileReference; explicitFileType = wrapper.framework; includeInIndex = 0; path = Pods_SLSupportLibrary.framework; sourceTree = BUILT_PRODUCTS_DIR; };
		120EF04C2121825F004EFF6D /* Support.bundle */ = {isa = PBXFileReference; lastKnownFileType = "wrapper.plug-in"; path = Support.bundle; sourceTree = "<group>"; };
		125F435E211C1F2E00607C9E /* SLColorExtension.swift */ = {isa = PBXFileReference; lastKnownFileType = sourcecode.swift; path = SLColorExtension.swift; sourceTree = "<group>"; };
		125F4360211C1FF600607C9E /* SLUserDefaultsExtension.swift */ = {isa = PBXFileReference; lastKnownFileType = sourcecode.swift; path = SLUserDefaultsExtension.swift; sourceTree = "<group>"; };
		125F4362211C201900607C9E /* SLDictionaryExtension.swift */ = {isa = PBXFileReference; lastKnownFileType = sourcecode.swift; path = SLDictionaryExtension.swift; sourceTree = "<group>"; };
		125F4365211C20F200607C9E /* SLConstant.swift */ = {isa = PBXFileReference; lastKnownFileType = sourcecode.swift; path = SLConstant.swift; sourceTree = "<group>"; };
		125F4367211C21AD00607C9E /* SLCGFloatExtension.swift */ = {isa = PBXFileReference; lastKnownFileType = sourcecode.swift; path = SLCGFloatExtension.swift; sourceTree = "<group>"; };
		125F4369211C25AD00607C9E /* SLUITextViewExtension.swift */ = {isa = PBXFileReference; lastKnownFileType = sourcecode.swift; path = SLUITextViewExtension.swift; sourceTree = "<group>"; };
		125F436B211C292200607C9E /* SLTools.swift */ = {isa = PBXFileReference; lastKnownFileType = sourcecode.swift; path = SLTools.swift; sourceTree = "<group>"; };
		125F436F211C307900607C9E /* SLFileManager.swift */ = {isa = PBXFileReference; lastKnownFileType = sourcecode.swift; path = SLFileManager.swift; sourceTree = "<group>"; };
		125F4371211C312A00607C9E /* SLAlertView.swift */ = {isa = PBXFileReference; lastKnownFileType = sourcecode.swift; path = SLAlertView.swift; sourceTree = "<group>"; };
		12C95732211C1AEB00CE9434 /* SLSupportLibrary.app */ = {isa = PBXFileReference; explicitFileType = wrapper.application; includeInIndex = 0; path = SLSupportLibrary.app; sourceTree = BUILT_PRODUCTS_DIR; };
		12C95735211C1AEB00CE9434 /* AppDelegate.swift */ = {isa = PBXFileReference; lastKnownFileType = sourcecode.swift; path = AppDelegate.swift; sourceTree = "<group>"; };
		12C95737211C1AEB00CE9434 /* ViewController.swift */ = {isa = PBXFileReference; lastKnownFileType = sourcecode.swift; path = ViewController.swift; sourceTree = "<group>"; };
		12C9573A211C1AEB00CE9434 /* Base */ = {isa = PBXFileReference; lastKnownFileType = file.storyboard; name = Base; path = Base.lproj/Main.storyboard; sourceTree = "<group>"; };
		12C9573C211C1AEC00CE9434 /* Assets.xcassets */ = {isa = PBXFileReference; lastKnownFileType = folder.assetcatalog; path = Assets.xcassets; sourceTree = "<group>"; };
		12C9573F211C1AEC00CE9434 /* Base */ = {isa = PBXFileReference; lastKnownFileType = file.storyboard; name = Base; path = Base.lproj/LaunchScreen.storyboard; sourceTree = "<group>"; };
		12C95741211C1AEC00CE9434 /* Info.plist */ = {isa = PBXFileReference; lastKnownFileType = text.plist.xml; path = Info.plist; sourceTree = "<group>"; };
		12C9574B211C1B7C00CE9434 /* SLOperatorCustom.swift */ = {isa = PBXFileReference; lastKnownFileType = sourcecode.swift; path = SLOperatorCustom.swift; sourceTree = "<group>"; };
		12C9574D211C1C4000CE9434 /* SLUIViewExtension.swift */ = {isa = PBXFileReference; lastKnownFileType = sourcecode.swift; path = SLUIViewExtension.swift; sourceTree = "<group>"; };
		12C9574F211C1C5900CE9434 /* SLUITextFieldExtension.swift */ = {isa = PBXFileReference; lastKnownFileType = sourcecode.swift; path = SLUITextFieldExtension.swift; sourceTree = "<group>"; };
		12C95753211C1C7C00CE9434 /* SLUIButtonExtension.swift */ = {isa = PBXFileReference; lastKnownFileType = sourcecode.swift; path = SLUIButtonExtension.swift; sourceTree = "<group>"; };
		12C95755211C1C8A00CE9434 /* UILabelExtension.swift */ = {isa = PBXFileReference; lastKnownFileType = sourcecode.swift; path = UILabelExtension.swift; sourceTree = "<group>"; };
		12C95757211C1C9800CE9434 /* SLStringExtension.swift */ = {isa = PBXFileReference; lastKnownFileType = sourcecode.swift; path = SLStringExtension.swift; sourceTree = "<group>"; };
		12C95759211C1D9600CE9434 /* SLBundleExtension.swift */ = {isa = PBXFileReference; lastKnownFileType = sourcecode.swift; path = SLBundleExtension.swift; sourceTree = "<group>"; };
		12C9575B211C1DBE00CE9434 /* SLIntExtension.swift */ = {isa = PBXFileReference; lastKnownFileType = sourcecode.swift; path = SLIntExtension.swift; sourceTree = "<group>"; };
		12C9575D211C1DC900CE9434 /* SLDoubleExtension.swift */ = {isa = PBXFileReference; lastKnownFileType = sourcecode.swift; path = SLDoubleExtension.swift; sourceTree = "<group>"; };
		12C9575F211C1E9800CE9434 /* SLDateExtension.swift */ = {isa = PBXFileReference; lastKnownFileType = sourcecode.swift; path = SLDateExtension.swift; sourceTree = "<group>"; };
		184612EE22DC5066002E9922 /* SLUIImageExtension.swift */ = {isa = PBXFileReference; lastKnownFileType = sourcecode.swift; path = SLUIImageExtension.swift; sourceTree = "<group>"; };
		1A3D0840CD9300BB2728E5E3 /* Pods-SLSupportLibrary.debug.xcconfig */ = {isa = PBXFileReference; includeInIndex = 1; lastKnownFileType = text.xcconfig; name = "Pods-SLSupportLibrary.debug.xcconfig"; path = "Pods/Target Support Files/Pods-SLSupportLibrary/Pods-SLSupportLibrary.debug.xcconfig"; sourceTree = "<group>"; };
		3190976C6290C41C3E0B670C /* Pods-SLSupportLibrary.release.xcconfig */ = {isa = PBXFileReference; includeInIndex = 1; lastKnownFileType = text.xcconfig; name = "Pods-SLSupportLibrary.release.xcconfig"; path = "Pods/Target Support Files/Pods-SLSupportLibrary/Pods-SLSupportLibrary.release.xcconfig"; sourceTree = "<group>"; };
		D20AE764255FDAA2000A8635 /* StringInterpolation.swift */ = {isa = PBXFileReference; lastKnownFileType = sourcecode.swift; path = StringInterpolation.swift; sourceTree = "<group>"; };
		D21AC9A624E11A3F00DF4F2F /* Ex_ScrollView.swift */ = {isa = PBXFileReference; lastKnownFileType = sourcecode.swift; path = Ex_ScrollView.swift; sourceTree = "<group>"; };
		D21AC9A824E11B7D00DF4F2F /* Ex_Navi.swift */ = {isa = PBXFileReference; lastKnownFileType = sourcecode.swift; path = Ex_Navi.swift; sourceTree = "<group>"; };
		D21AC9AA24E11BB800DF4F2F /* Ex_HUD.swift */ = {isa = PBXFileReference; lastKnownFileType = sourcecode.swift; path = Ex_HUD.swift; sourceTree = "<group>"; };
		D21AC9AC24E11D7900DF4F2F /* Ex_Rx.swift */ = {isa = PBXFileReference; lastKnownFileType = sourcecode.swift; path = Ex_Rx.swift; sourceTree = "<group>"; };
		D2E669B325494C74005EDD5D /* SLImageBrower.swift */ = {isa = PBXFileReference; lastKnownFileType = sourcecode.swift; path = SLImageBrower.swift; sourceTree = "<group>"; };
/* End PBXFileReference section */

/* Begin PBXFrameworksBuildPhase section */
		12C9572F211C1AEB00CE9434 /* Frameworks */ = {
			isa = PBXFrameworksBuildPhase;
			buildActionMask = 2147483647;
			files = (
				C35E7CB0746C42582D272A50 /* Pods_SLSupportLibrary.framework in Frameworks */,
			);
			runOnlyForDeploymentPostprocessing = 0;
		};
/* End PBXFrameworksBuildPhase section */

/* Begin PBXGroup section */
		10AD39DA0364C94C8DF7B368 /* Frameworks */ = {
			isa = PBXGroup;
			children = (
				04657857CBEDD32BD058127B /* Pods_SLSupportLibrary.framework */,
			);
			name = Frameworks;
			sourceTree = "<group>";
		};
		125F4364211C20E300607C9E /* Constant */ = {
			isa = PBXGroup;
			children = (
				125F4365211C20F200607C9E /* SLConstant.swift */,
			);
			path = Constant;
			sourceTree = "<group>";
		};
		12C95729211C1AEB00CE9434 = {
			isa = PBXGroup;
			children = (
				12C95734211C1AEB00CE9434 /* SLSupportLibrary */,
				12C95733211C1AEB00CE9434 /* Products */,
				C350CDB4027C7F9ECDB7EF6D /* Pods */,
				10AD39DA0364C94C8DF7B368 /* Frameworks */,
			);
			sourceTree = "<group>";
		};
		12C95733211C1AEB00CE9434 /* Products */ = {
			isa = PBXGroup;
			children = (
				12C95732211C1AEB00CE9434 /* SLSupportLibrary.app */,
			);
			name = Products;
			sourceTree = "<group>";
		};
		12C95734211C1AEB00CE9434 /* SLSupportLibrary */ = {
			isa = PBXGroup;
			children = (
				12C95747211C1B3C00CE9434 /* Support */,
				12C95735211C1AEB00CE9434 /* AppDelegate.swift */,
				12C95737211C1AEB00CE9434 /* ViewController.swift */,
				12C95739211C1AEB00CE9434 /* Main.storyboard */,
				12C9573C211C1AEC00CE9434 /* Assets.xcassets */,
				12C9573E211C1AEC00CE9434 /* LaunchScreen.storyboard */,
				12C95741211C1AEC00CE9434 /* Info.plist */,
			);
			path = SLSupportLibrary;
			sourceTree = "<group>";
		};
		12C95747211C1B3C00CE9434 /* Support */ = {
			isa = PBXGroup;
			children = (
				125F4364211C20E300607C9E /* Constant */,
				12C95748211C1B3C00CE9434 /* Tools */,
				12C95749211C1B3C00CE9434 /* Extensions */,
				12C9574A211C1B3C00CE9434 /* Operator */,
			);
			path = Support;
			sourceTree = "<group>";
		};
		12C95748211C1B3C00CE9434 /* Tools */ = {
			isa = PBXGroup;
			children = (
				120EF04C2121825F004EFF6D /* Support.bundle */,
				125F436B211C292200607C9E /* SLTools.swift */,
				125F436F211C307900607C9E /* SLFileManager.swift */,
				125F4371211C312A00607C9E /* SLAlertView.swift */,
				D2E669B325494C74005EDD5D /* SLImageBrower.swift */,
			);
			path = Tools;
			sourceTree = "<group>";
		};
		12C95749211C1B3C00CE9434 /* Extensions */ = {
			isa = PBXGroup;
			children = (
				12C9574D211C1C4000CE9434 /* SLUIViewExtension.swift */,
				12C9574F211C1C5900CE9434 /* SLUITextFieldExtension.swift */,
				125F4369211C25AD00607C9E /* SLUITextViewExtension.swift */,
				12C95753211C1C7C00CE9434 /* SLUIButtonExtension.swift */,
				12C95755211C1C8A00CE9434 /* UILabelExtension.swift */,
				12C95757211C1C9800CE9434 /* SLStringExtension.swift */,
				12C95759211C1D9600CE9434 /* SLBundleExtension.swift */,
				12C9575B211C1DBE00CE9434 /* SLIntExtension.swift */,
				125F4367211C21AD00607C9E /* SLCGFloatExtension.swift */,
				12C9575D211C1DC900CE9434 /* SLDoubleExtension.swift */,
				12C9575F211C1E9800CE9434 /* SLDateExtension.swift */,
				125F435E211C1F2E00607C9E /* SLColorExtension.swift */,
				125F4360211C1FF600607C9E /* SLUserDefaultsExtension.swift */,
				125F4362211C201900607C9E /* SLDictionaryExtension.swift */,
				184612EE22DC5066002E9922 /* SLUIImageExtension.swift */,
				D21AC9A624E11A3F00DF4F2F /* Ex_ScrollView.swift */,
				D21AC9A824E11B7D00DF4F2F /* Ex_Navi.swift */,
				D21AC9AA24E11BB800DF4F2F /* Ex_HUD.swift */,
				D21AC9AC24E11D7900DF4F2F /* Ex_Rx.swift */,
			);
			path = Extensions;
			sourceTree = "<group>";
		};
		12C9574A211C1B3C00CE9434 /* Operator */ = {
			isa = PBXGroup;
			children = (
				12C9574B211C1B7C00CE9434 /* SLOperatorCustom.swift */,
				D20AE764255FDAA2000A8635 /* StringInterpolation.swift */,
			);
			path = Operator;
			sourceTree = "<group>";
		};
		C350CDB4027C7F9ECDB7EF6D /* Pods */ = {
			isa = PBXGroup;
			children = (
				1A3D0840CD9300BB2728E5E3 /* Pods-SLSupportLibrary.debug.xcconfig */,
				3190976C6290C41C3E0B670C /* Pods-SLSupportLibrary.release.xcconfig */,
			);
			name = Pods;
			sourceTree = "<group>";
		};
/* End PBXGroup section */

/* Begin PBXNativeTarget section */
		12C95731211C1AEB00CE9434 /* SLSupportLibrary */ = {
			isa = PBXNativeTarget;
			buildConfigurationList = 12C95744211C1AEC00CE9434 /* Build configuration list for PBXNativeTarget "SLSupportLibrary" */;
			buildPhases = (
				51FFD0BD3E61DDCF0684B57C /* [CP] Check Pods Manifest.lock */,
				12C9572E211C1AEB00CE9434 /* Sources */,
				12C9572F211C1AEB00CE9434 /* Frameworks */,
				12C95730211C1AEB00CE9434 /* Resources */,
				CEE9ED122D90A51A81A57064 /* [CP] Embed Pods Frameworks */,
			);
			buildRules = (
			);
			dependencies = (
			);
			name = SLSupportLibrary;
			productName = SLSupportLibrary;
			productReference = 12C95732211C1AEB00CE9434 /* SLSupportLibrary.app */;
			productType = "com.apple.product-type.application";
		};
/* End PBXNativeTarget section */

/* Begin PBXProject section */
		12C9572A211C1AEB00CE9434 /* Project object */ = {
			isa = PBXProject;
			attributes = {
				LastSwiftUpdateCheck = 0940;
				LastUpgradeCheck = 0940;
				ORGANIZATIONNAME = SL;
				TargetAttributes = {
					12C95731211C1AEB00CE9434 = {
						CreatedOnToolsVersion = 9.4;
					};
				};
			};
			buildConfigurationList = 12C9572D211C1AEB00CE9434 /* Build configuration list for PBXProject "SLSupportLibrary" */;
			compatibilityVersion = "Xcode 9.3";
			developmentRegion = en;
			hasScannedForEncodings = 0;
			knownRegions = (
				en,
				Base,
			);
			mainGroup = 12C95729211C1AEB00CE9434;
			productRefGroup = 12C95733211C1AEB00CE9434 /* Products */;
			projectDirPath = "";
			projectRoot = "";
			targets = (
				12C95731211C1AEB00CE9434 /* SLSupportLibrary */,
			);
		};
/* End PBXProject section */

/* Begin PBXResourcesBuildPhase section */
		12C95730211C1AEB00CE9434 /* Resources */ = {
			isa = PBXResourcesBuildPhase;
			buildActionMask = 2147483647;
			files = (
				12C95740211C1AEC00CE9434 /* LaunchScreen.storyboard in Resources */,
				12C9573D211C1AEC00CE9434 /* Assets.xcassets in Resources */,
				12C9573B211C1AEB00CE9434 /* Main.storyboard in Resources */,
				120EF04D2121825F004EFF6D /* Support.bundle in Resources */,
			);
			runOnlyForDeploymentPostprocessing = 0;
		};
/* End PBXResourcesBuildPhase section */

/* Begin PBXShellScriptBuildPhase section */
		51FFD0BD3E61DDCF0684B57C /* [CP] Check Pods Manifest.lock */ = {
			isa = PBXShellScriptBuildPhase;
			buildActionMask = 2147483647;
			files = (
			);
			inputPaths = (
				"${PODS_PODFILE_DIR_PATH}/Podfile.lock",
				"${PODS_ROOT}/Manifest.lock",
			);
			name = "[CP] Check Pods Manifest.lock";
			outputPaths = (
				"$(DERIVED_FILE_DIR)/Pods-SLSupportLibrary-checkManifestLockResult.txt",
			);
			runOnlyForDeploymentPostprocessing = 0;
			shellPath = /bin/sh;
			shellScript = "diff \"${PODS_PODFILE_DIR_PATH}/Podfile.lock\" \"${PODS_ROOT}/Manifest.lock\" > /dev/null\nif [ $? != 0 ] ; then\n    # print error to STDERR\n    echo \"error: The sandbox is not in sync with the Podfile.lock. Run 'pod install' or update your CocoaPods installation.\" >&2\n    exit 1\nfi\n# This output is used by Xcode 'outputs' to avoid re-running this script phase.\necho \"SUCCESS\" > \"${SCRIPT_OUTPUT_FILE_0}\"\n";
			showEnvVarsInLog = 0;
		};
		CEE9ED122D90A51A81A57064 /* [CP] Embed Pods Frameworks */ = {
			isa = PBXShellScriptBuildPhase;
			buildActionMask = 2147483647;
			files = (
			);
			inputFileListPaths = (
				"${PODS_ROOT}/Target Support Files/Pods-SLSupportLibrary/Pods-SLSupportLibrary-frameworks-${CONFIGURATION}-input-files.xcfilelist",
			);
			name = "[CP] Embed Pods Frameworks";
			outputFileListPaths = (
				"${PODS_ROOT}/Target Support Files/Pods-SLSupportLibrary/Pods-SLSupportLibrary-frameworks-${CONFIGURATION}-output-files.xcfilelist",
			);
			runOnlyForDeploymentPostprocessing = 0;
			shellPath = /bin/sh;
			shellScript = "\"${PODS_ROOT}/Target Support Files/Pods-SLSupportLibrary/Pods-SLSupportLibrary-frameworks.sh\"\n";
			showEnvVarsInLog = 0;
		};
/* End PBXShellScriptBuildPhase section */

/* Begin PBXSourcesBuildPhase section */
		12C9572E211C1AEB00CE9434 /* Sources */ = {
			isa = PBXSourcesBuildPhase;
			buildActionMask = 2147483647;
			files = (
				125F436A211C25AD00607C9E /* SLUITextViewExtension.swift in Sources */,
				12C95754211C1C7C00CE9434 /* SLUIButtonExtension.swift in Sources */,
				D21AC9AD24E11D7900DF4F2F /* Ex_Rx.swift in Sources */,
				12C9574C211C1B7C00CE9434 /* SLOperatorCustom.swift in Sources */,
				125F436C211C292200607C9E /* SLTools.swift in Sources */,
				125F435F211C1F2E00607C9E /* SLColorExtension.swift in Sources */,
				12C95760211C1E9800CE9434 /* SLDateExtension.swift in Sources */,
				D20AE765255FDAA2000A8635 /* StringInterpolation.swift in Sources */,
				125F4366211C20F200607C9E /* SLConstant.swift in Sources */,
				125F4368211C21AD00607C9E /* SLCGFloatExtension.swift in Sources */,
				D21AC9A724E11A3F00DF4F2F /* Ex_ScrollView.swift in Sources */,
				12C95750211C1C5900CE9434 /* SLUITextFieldExtension.swift in Sources */,
				D21AC9A924E11B7D00DF4F2F /* Ex_Navi.swift in Sources */,
				12C95738211C1AEB00CE9434 /* ViewController.swift in Sources */,
				125F4363211C201900607C9E /* SLDictionaryExtension.swift in Sources */,
				12C9575C211C1DBE00CE9434 /* SLIntExtension.swift in Sources */,
				D2E669B425494C74005EDD5D /* SLImageBrower.swift in Sources */,
				12C95756211C1C8A00CE9434 /* UILabelExtension.swift in Sources */,
				12C9575E211C1DC900CE9434 /* SLDoubleExtension.swift in Sources */,
				184612EF22DC5066002E9922 /* SLUIImageExtension.swift in Sources */,
				125F4372211C312A00607C9E /* SLAlertView.swift in Sources */,
				125F4361211C1FF600607C9E /* SLUserDefaultsExtension.swift in Sources */,
				12C95758211C1C9800CE9434 /* SLStringExtension.swift in Sources */,
				125F4370211C307900607C9E /* SLFileManager.swift in Sources */,
				12C95736211C1AEB00CE9434 /* AppDelegate.swift in Sources */,
				12C9574E211C1C4000CE9434 /* SLUIViewExtension.swift in Sources */,
				D21AC9AB24E11BB800DF4F2F /* Ex_HUD.swift in Sources */,
				12C9575A211C1D9600CE9434 /* SLBundleExtension.swift in Sources */,
			);
			runOnlyForDeploymentPostprocessing = 0;
		};
/* End PBXSourcesBuildPhase section */

/* Begin PBXVariantGroup section */
		12C95739211C1AEB00CE9434 /* Main.storyboard */ = {
			isa = PBXVariantGroup;
			children = (
				12C9573A211C1AEB00CE9434 /* Base */,
			);
			name = Main.storyboard;
			sourceTree = "<group>";
		};
		12C9573E211C1AEC00CE9434 /* LaunchScreen.storyboard */ = {
			isa = PBXVariantGroup;
			children = (
				12C9573F211C1AEC00CE9434 /* Base */,
			);
			name = LaunchScreen.storyboard;
			sourceTree = "<group>";
		};
/* End PBXVariantGroup section */

/* Begin XCBuildConfiguration section */
		12C95742211C1AEC00CE9434 /* Debug */ = {
			isa = XCBuildConfiguration;
			buildSettings = {
				ALWAYS_SEARCH_USER_PATHS = NO;
				CLANG_ANALYZER_NONNULL = YES;
				CLANG_ANALYZER_NUMBER_OBJECT_CONVERSION = YES_AGGRESSIVE;
				CLANG_CXX_LANGUAGE_STANDARD = "gnu++14";
				CLANG_CXX_LIBRARY = "libc++";
				CLANG_ENABLE_MODULES = YES;
				CLANG_ENABLE_OBJC_ARC = YES;
				CLANG_ENABLE_OBJC_WEAK = YES;
				CLANG_WARN_BLOCK_CAPTURE_AUTORELEASING = YES;
				CLANG_WARN_BOOL_CONVERSION = YES;
				CLANG_WARN_COMMA = YES;
				CLANG_WARN_CONSTANT_CONVERSION = YES;
				CLANG_WARN_DEPRECATED_OBJC_IMPLEMENTATIONS = YES;
				CLANG_WARN_DIRECT_OBJC_ISA_USAGE = YES_ERROR;
				CLANG_WARN_DOCUMENTATION_COMMENTS = YES;
				CLANG_WARN_EMPTY_BODY = YES;
				CLANG_WARN_ENUM_CONVERSION = YES;
				CLANG_WARN_INFINITE_RECURSION = YES;
				CLANG_WARN_INT_CONVERSION = YES;
				CLANG_WARN_NON_LITERAL_NULL_CONVERSION = YES;
				CLANG_WARN_OBJC_IMPLICIT_RETAIN_SELF = YES;
				CLANG_WARN_OBJC_LITERAL_CONVERSION = YES;
				CLANG_WARN_OBJC_ROOT_CLASS = YES_ERROR;
				CLANG_WARN_RANGE_LOOP_ANALYSIS = YES;
				CLANG_WARN_STRICT_PROTOTYPES = YES;
				CLANG_WARN_SUSPICIOUS_MOVE = YES;
				CLANG_WARN_UNGUARDED_AVAILABILITY = YES_AGGRESSIVE;
				CLANG_WARN_UNREACHABLE_CODE = YES;
				CLANG_WARN__DUPLICATE_METHOD_MATCH = YES;
				CODE_SIGN_IDENTITY = "iPhone Developer";
				COPY_PHASE_STRIP = NO;
				DEBUG_INFORMATION_FORMAT = dwarf;
				ENABLE_STRICT_OBJC_MSGSEND = YES;
				ENABLE_TESTABILITY = YES;
				GCC_C_LANGUAGE_STANDARD = gnu11;
				GCC_DYNAMIC_NO_PIC = NO;
				GCC_NO_COMMON_BLOCKS = YES;
				GCC_OPTIMIZATION_LEVEL = 0;
				GCC_PREPROCESSOR_DEFINITIONS = (
					"DEBUG=1",
					"$(inherited)",
				);
				GCC_WARN_64_TO_32_BIT_CONVERSION = YES;
				GCC_WARN_ABOUT_RETURN_TYPE = YES_ERROR;
				GCC_WARN_UNDECLARED_SELECTOR = YES;
				GCC_WARN_UNINITIALIZED_AUTOS = YES_AGGRESSIVE;
				GCC_WARN_UNUSED_FUNCTION = YES;
				GCC_WARN_UNUSED_VARIABLE = YES;
				IPHONEOS_DEPLOYMENT_TARGET = 11.4;
				MTL_ENABLE_DEBUG_INFO = YES;
				ONLY_ACTIVE_ARCH = YES;
				SDKROOT = iphoneos;
				SWIFT_ACTIVE_COMPILATION_CONDITIONS = DEBUG;
				SWIFT_OPTIMIZATION_LEVEL = "-Onone";
			};
			name = Debug;
		};
		12C95743211C1AEC00CE9434 /* Release */ = {
			isa = XCBuildConfiguration;
			buildSettings = {
				ALWAYS_SEARCH_USER_PATHS = NO;
				CLANG_ANALYZER_NONNULL = YES;
				CLANG_ANALYZER_NUMBER_OBJECT_CONVERSION = YES_AGGRESSIVE;
				CLANG_CXX_LANGUAGE_STANDARD = "gnu++14";
				CLANG_CXX_LIBRARY = "libc++";
				CLANG_ENABLE_MODULES = YES;
				CLANG_ENABLE_OBJC_ARC = YES;
				CLANG_ENABLE_OBJC_WEAK = YES;
				CLANG_WARN_BLOCK_CAPTURE_AUTORELEASING = YES;
				CLANG_WARN_BOOL_CONVERSION = YES;
				CLANG_WARN_COMMA = YES;
				CLANG_WARN_CONSTANT_CONVERSION = YES;
				CLANG_WARN_DEPRECATED_OBJC_IMPLEMENTATIONS = YES;
				CLANG_WARN_DIRECT_OBJC_ISA_USAGE = YES_ERROR;
				CLANG_WARN_DOCUMENTATION_COMMENTS = YES;
				CLANG_WARN_EMPTY_BODY = YES;
				CLANG_WARN_ENUM_CONVERSION = YES;
				CLANG_WARN_INFINITE_RECURSION = YES;
				CLANG_WARN_INT_CONVERSION = YES;
				CLANG_WARN_NON_LITERAL_NULL_CONVERSION = YES;
				CLANG_WARN_OBJC_IMPLICIT_RETAIN_SELF = YES;
				CLANG_WARN_OBJC_LITERAL_CONVERSION = YES;
				CLANG_WARN_OBJC_ROOT_CLASS = YES_ERROR;
				CLANG_WARN_RANGE_LOOP_ANALYSIS = YES;
				CLANG_WARN_STRICT_PROTOTYPES = YES;
				CLANG_WARN_SUSPICIOUS_MOVE = YES;
				CLANG_WARN_UNGUARDED_AVAILABILITY = YES_AGGRESSIVE;
				CLANG_WARN_UNREACHABLE_CODE = YES;
				CLANG_WARN__DUPLICATE_METHOD_MATCH = YES;
				CODE_SIGN_IDENTITY = "iPhone Developer";
				COPY_PHASE_STRIP = NO;
				DEBUG_INFORMATION_FORMAT = "dwarf-with-dsym";
				ENABLE_NS_ASSERTIONS = NO;
				ENABLE_STRICT_OBJC_MSGSEND = YES;
				GCC_C_LANGUAGE_STANDARD = gnu11;
				GCC_NO_COMMON_BLOCKS = YES;
				GCC_WARN_64_TO_32_BIT_CONVERSION = YES;
				GCC_WARN_ABOUT_RETURN_TYPE = YES_ERROR;
				GCC_WARN_UNDECLARED_SELECTOR = YES;
				GCC_WARN_UNINITIALIZED_AUTOS = YES_AGGRESSIVE;
				GCC_WARN_UNUSED_FUNCTION = YES;
				GCC_WARN_UNUSED_VARIABLE = YES;
				IPHONEOS_DEPLOYMENT_TARGET = 11.4;
				MTL_ENABLE_DEBUG_INFO = NO;
				SDKROOT = iphoneos;
				SWIFT_COMPILATION_MODE = wholemodule;
				SWIFT_OPTIMIZATION_LEVEL = "-O";
				VALIDATE_PRODUCT = YES;
			};
			name = Release;
		};
		12C95745211C1AEC00CE9434 /* Debug */ = {
			isa = XCBuildConfiguration;
			baseConfigurationReference = 1A3D0840CD9300BB2728E5E3 /* Pods-SLSupportLibrary.debug.xcconfig */;
			buildSettings = {
				ASSETCATALOG_COMPILER_APPICON_NAME = AppIcon;
				CODE_SIGN_STYLE = Automatic;
				DEVELOPMENT_TEAM = M2CXXJLYVV;
				INFOPLIST_FILE = SLSupportLibrary/Info.plist;
				IPHONEOS_DEPLOYMENT_TARGET = 10.0;
				LD_RUNPATH_SEARCH_PATHS = (
					"$(inherited)",
					"@executable_path/Frameworks",
				);
				MARKETING_VERSION = 1.1.5;
				PRODUCT_BUNDLE_IDENTIFIER = com.SL.SLSupportLibrary;
				PRODUCT_NAME = "$(TARGET_NAME)";
				SWIFT_VERSION = 5.0;
				TARGETED_DEVICE_FAMILY = 1;
			};
			name = Debug;
		};
		12C95746211C1AEC00CE9434 /* Release */ = {
			isa = XCBuildConfiguration;
			baseConfigurationReference = 3190976C6290C41C3E0B670C /* Pods-SLSupportLibrary.release.xcconfig */;
			buildSettings = {
				ASSETCATALOG_COMPILER_APPICON_NAME = AppIcon;
				CODE_SIGN_STYLE = Automatic;
				DEVELOPMENT_TEAM = M2CXXJLYVV;
				INFOPLIST_FILE = SLSupportLibrary/Info.plist;
				IPHONEOS_DEPLOYMENT_TARGET = 10.0;
				LD_RUNPATH_SEARCH_PATHS = (
					"$(inherited)",
					"@executable_path/Frameworks",
				);
				MARKETING_VERSION = 1.1.5;
				PRODUCT_BUNDLE_IDENTIFIER = com.SL.SLSupportLibrary;
				PRODUCT_NAME = "$(TARGET_NAME)";
				SWIFT_VERSION = 5.0;
				TARGETED_DEVICE_FAMILY = 1;
			};
			name = Release;
		};
/* End XCBuildConfiguration section */

/* Begin XCConfigurationList section */
		12C9572D211C1AEB00CE9434 /* Build configuration list for PBXProject "SLSupportLibrary" */ = {
			isa = XCConfigurationList;
			buildConfigurations = (
				12C95742211C1AEC00CE9434 /* Debug */,
				12C95743211C1AEC00CE9434 /* Release */,
			);
			defaultConfigurationIsVisible = 0;
			defaultConfigurationName = Release;
		};
		12C95744211C1AEC00CE9434 /* Build configuration list for PBXNativeTarget "SLSupportLibrary" */ = {
			isa = XCConfigurationList;
			buildConfigurations = (
				12C95745211C1AEC00CE9434 /* Debug */,
				12C95746211C1AEC00CE9434 /* Release */,
			);
			defaultConfigurationIsVisible = 0;
			defaultConfigurationName = Release;
		};
/* End XCConfigurationList section */
	};
	rootObject = 12C9572A211C1AEB00CE9434 /* Project object */;
}
